// !$*UTF8*$!
{
	archiveVersion = 1;
	classes = {
	};
	objectVersion = 53;
	objects = {

/* Begin PBXBuildFile section */
		E1B8F0B7290AC658003DC1FC /* AppDelegate.swift in Sources */ = {isa = PBXBuildFile; fileRef = E1B8F0B6290AC658003DC1FC /* AppDelegate.swift */; };
		E1B8F0B9290AC658003DC1FC /* SceneDelegate.swift in Sources */ = {isa = PBXBuildFile; fileRef = E1B8F0B8290AC658003DC1FC /* SceneDelegate.swift */; };
		E1B8F0C0290AC65A003DC1FC /* Assets.xcassets in Resources */ = {isa = PBXBuildFile; fileRef = E1B8F0BF290AC65A003DC1FC /* Assets.xcassets */; };
		E1B8F0C3290AC65A003DC1FC /* LaunchScreen.storyboard in Resources */ = {isa = PBXBuildFile; fileRef = E1B8F0C1290AC65A003DC1FC /* LaunchScreen.storyboard */; };
		E1B8F0CE290AC6AC003DC1FC /* Launch.swift in Sources */ = {isa = PBXBuildFile; fileRef = E1B8F0CD290AC6AC003DC1FC /* Launch.swift */; };
		E1B8F0D3290AC73B003DC1FC /* Navigation.swift in Sources */ = {isa = PBXBuildFile; fileRef = E1B8F0D2290AC73B003DC1FC /* Navigation.swift */; };
		E1B8F0D6290AC9C0003DC1FC /* ViewController.swift in Sources */ = {isa = PBXBuildFile; fileRef = E1B8F0D5290AC9C0003DC1FC /* ViewController.swift */; };
/* End PBXBuildFile section */

/* Begin PBXFileReference section */
		E1B8F0B3290AC658003DC1FC /* StatusBar.app */ = {isa = PBXFileReference; explicitFileType = wrapper.application; includeInIndex = 0; path = StatusBar.app; sourceTree = BUILT_PRODUCTS_DIR; };
		E1B8F0B6290AC658003DC1FC /* AppDelegate.swift */ = {isa = PBXFileReference; lastKnownFileType = sourcecode.swift; path = AppDelegate.swift; sourceTree = "<group>"; };
		E1B8F0B8290AC658003DC1FC /* SceneDelegate.swift */ = {isa = PBXFileReference; lastKnownFileType = sourcecode.swift; path = SceneDelegate.swift; sourceTree = "<group>"; };
		E1B8F0BF290AC65A003DC1FC /* Assets.xcassets */ = {isa = PBXFileReference; lastKnownFileType = folder.assetcatalog; path = Assets.xcassets; sourceTree = "<group>"; };
		E1B8F0C2290AC65A003DC1FC /* Base */ = {isa = PBXFileReference; lastKnownFileType = file.storyboard; name = Base; path = Base.lproj/LaunchScreen.storyboard; sourceTree = "<group>"; };
		E1B8F0C4290AC65A003DC1FC /* Info.plist */ = {isa = PBXFileReference; lastKnownFileType = text.plist.xml; path = Info.plist; sourceTree = "<group>"; };
		E1B8F0CD290AC6AC003DC1FC /* Launch.swift */ = {isa = PBXFileReference; lastKnownFileType = sourcecode.swift; path = Launch.swift; sourceTree = "<group>"; };
		E1B8F0D2290AC73B003DC1FC /* Navigation.swift */ = {isa = PBXFileReference; lastKnownFileType = sourcecode.swift; path = Navigation.swift; sourceTree = "<group>"; };
		E1B8F0D5290AC9C0003DC1FC /* ViewController.swift */ = {isa = PBXFileReference; lastKnownFileType = sourcecode.swift; path = ViewController.swift; sourceTree = "<group>"; };
/* End PBXFileReference section */

/* Begin PBXFrameworksBuildPhase section */
		E1B8F0B0290AC658003DC1FC /* Frameworks */ = {
			isa = PBXFrameworksBuildPhase;
			buildActionMask = 2147483647;
			files = (
			);
			runOnlyForDeploymentPostprocessing = 0;
		};
/* End PBXFrameworksBuildPhase section */

/* Begin PBXGroup section */
		E1B8F0AA290AC658003DC1FC = {
			isa = PBXGroup;
			children = (
				E1B8F0B5290AC658003DC1FC /* StatusBar */,
				E1B8F0B4290AC658003DC1FC /* Products */,
			);
			sourceTree = "<group>";
		};
		E1B8F0B4290AC658003DC1FC /* Products */ = {
			isa = PBXGroup;
			children = (
				E1B8F0B3290AC658003DC1FC /* StatusBar.app */,
			);
			name = Products;
			sourceTree = "<group>";
		};
		E1B8F0B5290AC658003DC1FC /* StatusBar */ = {
			isa = PBXGroup;
			children = (
				E1B8F0D0290AC6CD003DC1FC /* Supports */,
				E1B8F0CA290AC68D003DC1FC /* Application */,
			);
			path = StatusBar;
			sourceTree = "<group>";
		};
		E1B8F0CA290AC68D003DC1FC /* Application */ = {
			isa = PBXGroup;
			children = (
				E1B8F0D4290AC9B6003DC1FC /* Extentions */,
				E1B8F0D1290AC72E003DC1FC /* Navigation */,
				E1B8F0CF290AC6C0003DC1FC /* Assets */,
				E1B8F0CC290AC69F003DC1FC /* Launch */,
				E1B8F0CB290AC696003DC1FC /* Utils */,
			);
			path = Application;
			sourceTree = "<group>";
		};
		E1B8F0CB290AC696003DC1FC /* Utils */ = {
			isa = PBXGroup;
			children = (
				E1B8F0B6290AC658003DC1FC /* AppDelegate.swift */,
				E1B8F0B8290AC658003DC1FC /* SceneDelegate.swift */,
			);
			path = Utils;
			sourceTree = "<group>";
		};
		E1B8F0CC290AC69F003DC1FC /* Launch */ = {
			isa = PBXGroup;
			children = (
				E1B8F0C1290AC65A003DC1FC /* LaunchScreen.storyboard */,
				E1B8F0CD290AC6AC003DC1FC /* Launch.swift */,
			);
			path = Launch;
			sourceTree = "<group>";
		};
		E1B8F0CF290AC6C0003DC1FC /* Assets */ = {
			isa = PBXGroup;
			children = (
				E1B8F0BF290AC65A003DC1FC /* Assets.xcassets */,
			);
			path = Assets;
			sourceTree = "<group>";
		};
		E1B8F0D0290AC6CD003DC1FC /* Supports */ = {
			isa = PBXGroup;
			children = (
				E1B8F0C4290AC65A003DC1FC /* Info.plist */,
			);
			name = Supports;
			sourceTree = "<group>";
		};
		E1B8F0D1290AC72E003DC1FC /* Navigation */ = {
			isa = PBXGroup;
			children = (
				E1B8F0D2290AC73B003DC1FC /* Navigation.swift */,
			);
			path = Navigation;
			sourceTree = "<group>";
		};
		E1B8F0D4290AC9B6003DC1FC /* Extentions */ = {
			isa = PBXGroup;
			children = (
				E1B8F0D5290AC9C0003DC1FC /* ViewController.swift */,
			);
			path = Extentions;
			sourceTree = "<group>";
		};
/* End PBXGroup section */

/* Begin PBXNativeTarget section */
		E1B8F0B2290AC658003DC1FC /* StatusBar */ = {
			isa = PBXNativeTarget;
			buildConfigurationList = E1B8F0C7290AC65A003DC1FC /* Build configuration list for PBXNativeTarget "StatusBar" */;
			buildPhases = (
				E1B8F0AF290AC658003DC1FC /* Sources */,
				E1B8F0B0290AC658003DC1FC /* Frameworks */,
				E1B8F0B1290AC658003DC1FC /* Resources */,
			);
			buildRules = (
			);
			dependencies = (
			);
			name = StatusBar;
			productName = StatusBar;
			productReference = E1B8F0B3290AC658003DC1FC /* StatusBar.app */;
			productType = "com.apple.product-type.application";
		};
/* End PBXNativeTarget section */

/* Begin PBXProject section */
		E1B8F0AB290AC658003DC1FC /* Project object */ = {
			isa = PBXProject;
			attributes = {
				BuildIndependentTargetsInParallel = 1;
				LastSwiftUpdateCheck = 1400;
				LastUpgradeCheck = 1400;
				TargetAttributes = {
					E1B8F0B2290AC658003DC1FC = {
						CreatedOnToolsVersion = 14.0.1;
					};
				};
			};
			buildConfigurationList = E1B8F0AE290AC658003DC1FC /* Build configuration list for PBXProject "StatusBar" */;
			compatibilityVersion = "Xcode 10.0";
			developmentRegion = en;
			hasScannedForEncodings = 0;
			knownRegions = (
				en,
				Base,
			);
			mainGroup = E1B8F0AA290AC658003DC1FC;
			productRefGroup = E1B8F0B4290AC658003DC1FC /* Products */;
			projectDirPath = "";
			projectRoot = "";
			targets = (
				E1B8F0B2290AC658003DC1FC /* StatusBar */,
			);
		};
/* End PBXProject section */

/* Begin PBXResourcesBuildPhase section */
		E1B8F0B1290AC658003DC1FC /* Resources */ = {
			isa = PBXResourcesBuildPhase;
			buildActionMask = 2147483647;
			files = (
				E1B8F0C3290AC65A003DC1FC /* LaunchScreen.storyboard in Resources */,
				E1B8F0C0290AC65A003DC1FC /* Assets.xcassets in Resources */,
			);
			runOnlyForDeploymentPostprocessing = 0;
		};
/* End PBXResourcesBuildPhase section */

/* Begin PBXSourcesBuildPhase section */
		E1B8F0AF290AC658003DC1FC /* Sources */ = {
			isa = PBXSourcesBuildPhase;
			buildActionMask = 2147483647;
			files = (
				E1B8F0D6290AC9C0003DC1FC /* ViewController.swift in Sources */,
				E1B8F0B7290AC658003DC1FC /* AppDelegate.swift in Sources */,
				E1B8F0CE290AC6AC003DC1FC /* Launch.swift in Sources */,
				E1B8F0B9290AC658003DC1FC /* SceneDelegate.swift in Sources */,
				E1B8F0D3290AC73B003DC1FC /* Navigation.swift in Sources */,
			);
			runOnlyForDeploymentPostprocessing = 0;
		};
/* End PBXSourcesBuildPhase section */

/* Begin PBXVariantGroup section */
		E1B8F0C1290AC65A003DC1FC /* LaunchScreen.storyboard */ = {
			isa = PBXVariantGroup;
			children = (
				E1B8F0C2290AC65A003DC1FC /* Base */,
			);
			name = LaunchScreen.storyboard;
			sourceTree = "<group>";
		};
/* End PBXVariantGroup section */

/* Begin XCBuildConfiguration section */
		E1B8F0C5290AC65A003DC1FC /* Debug */ = {
			isa = XCBuildConfiguration;
			buildSettings = {
				ALWAYS_SEARCH_USER_PATHS = NO;
				CLANG_ANALYZER_NONNULL = YES;
				CLANG_ANALYZER_NUMBER_OBJECT_CONVERSION = YES_AGGRESSIVE;
				CLANG_CXX_LANGUAGE_STANDARD = "gnu++20";
				CLANG_ENABLE_MODULES = YES;
				CLANG_ENABLE_OBJC_ARC = YES;
				CLANG_ENABLE_OBJC_WEAK = YES;
				CLANG_WARN_BLOCK_CAPTURE_AUTORELEASING = YES;
				CLANG_WARN_BOOL_CONVERSION = YES;
				CLANG_WARN_COMMA = YES;
				CLANG_WARN_CONSTANT_CONVERSION = YES;
				CLANG_WARN_DEPRECATED_OBJC_IMPLEMENTATIONS = YES;
				CLANG_WARN_DIRECT_OBJC_ISA_USAGE = YES_ERROR;
				CLANG_WARN_DOCUMENTATION_COMMENTS = YES;
				CLANG_WARN_EMPTY_BODY = YES;
				CLANG_WARN_ENUM_CONVERSION = YES;
				CLANG_WARN_INFINITE_RECURSION = YES;
				CLANG_WARN_INT_CONVERSION = YES;
				CLANG_WARN_NON_LITERAL_NULL_CONVERSION = YES;
				CLANG_WARN_OBJC_IMPLICIT_RETAIN_SELF = YES;
				CLANG_WARN_OBJC_LITERAL_CONVERSION = YES;
				CLANG_WARN_OBJC_ROOT_CLASS = YES_ERROR;
				CLANG_WARN_QUOTED_INCLUDE_IN_FRAMEWORK_HEADER = YES;
				CLANG_WARN_RANGE_LOOP_ANALYSIS = YES;
				CLANG_WARN_STRICT_PROTOTYPES = YES;
				CLANG_WARN_SUSPICIOUS_MOVE = YES;
				CLANG_WARN_UNGUARDED_AVAILABILITY = YES_AGGRESSIVE;
				CLANG_WARN_UNREACHABLE_CODE = YES;
				CLANG_WARN__DUPLICATE_METHOD_MATCH = YES;
				COPY_PHASE_STRIP = NO;
				DEBUG_INFORMATION_FORMAT = dwarf;
				ENABLE_STRICT_OBJC_MSGSEND = YES;
				ENABLE_TESTABILITY = YES;
				GCC_C_LANGUAGE_STANDARD = gnu11;
				GCC_DYNAMIC_NO_PIC = NO;
				GCC_NO_COMMON_BLOCKS = YES;
				GCC_OPTIMIZATION_LEVEL = 0;
				GCC_PREPROCESSOR_DEFINITIONS = (
					"DEBUG=1",
					"$(inherited)",
				);
				GCC_WARN_64_TO_32_BIT_CONVERSION = YES;
				GCC_WARN_ABOUT_RETURN_TYPE = YES_ERROR;
				GCC_WARN_UNDECLARED_SELECTOR = YES;
				GCC_WARN_UNINITIALIZED_AUTOS = YES_AGGRESSIVE;
				GCC_WARN_UNUSED_FUNCTION = YES;
				GCC_WARN_UNUSED_VARIABLE = YES;
				IPHONEOS_DEPLOYMENT_TARGET = 12.0;
				MTL_ENABLE_DEBUG_INFO = INCLUDE_SOURCE;
				MTL_FAST_MATH = YES;
				ONLY_ACTIVE_ARCH = YES;
				SDKROOT = iphoneos;
				SWIFT_ACTIVE_COMPILATION_CONDITIONS = DEBUG;
				SWIFT_OPTIMIZATION_LEVEL = "-Onone";
			};
			name = Debug;
		};
		E1B8F0C6290AC65A003DC1FC /* Release */ = {
			isa = XCBuildConfiguration;
			buildSettings = {
				ALWAYS_SEARCH_USER_PATHS = NO;
				CLANG_ANALYZER_NONNULL = YES;
				CLANG_ANALYZER_NUMBER_OBJECT_CONVERSION = YES_AGGRESSIVE;
				CLANG_CXX_LANGUAGE_STANDARD = "gnu++20";
				CLANG_ENABLE_MODULES = YES;
				CLANG_ENABLE_OBJC_ARC = YES;
				CLANG_ENABLE_OBJC_WEAK = YES;
				CLANG_WARN_BLOCK_CAPTURE_AUTORELEASING = YES;
				CLANG_WARN_BOOL_CONVERSION = YES;
				CLANG_WARN_COMMA = YES;
				CLANG_WARN_CONSTANT_CONVERSION = YES;
				CLANG_WARN_DEPRECATED_OBJC_IMPLEMENTATIONS = YES;
				CLANG_WARN_DIRECT_OBJC_ISA_USAGE = YES_ERROR;
				CLANG_WARN_DOCUMENTATION_COMMENTS = YES;
				CLANG_WARN_EMPTY_BODY = YES;
				CLANG_WARN_ENUM_CONVERSION = YES;
				CLANG_WARN_INFINITE_RECURSION = YES;
				CLANG_WARN_INT_CONVERSION = YES;
				CLANG_WARN_NON_LITERAL_NULL_CONVERSION = YES;
				CLANG_WARN_OBJC_IMPLICIT_RETAIN_SELF = YES;
				CLANG_WARN_OBJC_LITERAL_CONVERSION = YES;
				CLANG_WARN_OBJC_ROOT_CLASS = YES_ERROR;
				CLANG_WARN_QUOTED_INCLUDE_IN_FRAMEWORK_HEADER = YES;
				CLANG_WARN_RANGE_LOOP_ANALYSIS = YES;
				CLANG_WARN_STRICT_PROTOTYPES = YES;
				CLANG_WARN_SUSPICIOUS_MOVE = YES;
				CLANG_WARN_UNGUARDED_AVAILABILITY = YES_AGGRESSIVE;
				CLANG_WARN_UNREACHABLE_CODE = YES;
				CLANG_WARN__DUPLICATE_METHOD_MATCH = YES;
				COPY_PHASE_STRIP = NO;
				DEBUG_INFORMATION_FORMAT = "dwarf-with-dsym";
				ENABLE_NS_ASSERTIONS = NO;
				ENABLE_STRICT_OBJC_MSGSEND = YES;
				GCC_C_LANGUAGE_STANDARD = gnu11;
				GCC_NO_COMMON_BLOCKS = YES;
				GCC_WARN_64_TO_32_BIT_CONVERSION = YES;
				GCC_WARN_ABOUT_RETURN_TYPE = YES_ERROR;
				GCC_WARN_UNDECLARED_SELECTOR = YES;
				GCC_WARN_UNINITIALIZED_AUTOS = YES_AGGRESSIVE;
				GCC_WARN_UNUSED_FUNCTION = YES;
				GCC_WARN_UNUSED_VARIABLE = YES;
				IPHONEOS_DEPLOYMENT_TARGET = 12.0;
				MTL_ENABLE_DEBUG_INFO = NO;
				MTL_FAST_MATH = YES;
				SDKROOT = iphoneos;
				SWIFT_COMPILATION_MODE = wholemodule;
				SWIFT_OPTIMIZATION_LEVEL = "-O";
				VALIDATE_PRODUCT = YES;
			};
			name = Release;
		};
		E1B8F0C8290AC65A003DC1FC /* Debug */ = {
			isa = XCBuildConfiguration;
			buildSettings = {
				ASSETCATALOG_COMPILER_APPICON_NAME = AppIcon;
				ASSETCATALOG_COMPILER_GLOBAL_ACCENT_COLOR_NAME = AccentColor;
				CODE_SIGN_STYLE = Automatic;
				CURRENT_PROJECT_VERSION = 1;
				DEVELOPMENT_TEAM = N55427589M;
				GENERATE_INFOPLIST_FILE = YES;
				INFOPLIST_FILE = StatusBar/Info.plist;
				INFOPLIST_KEY_LSApplicationCategoryType = "public.app-category.entertainment";
				INFOPLIST_KEY_UIApplicationSupportsIndirectInputEvents = YES;
				INFOPLIST_KEY_UILaunchStoryboardName = LaunchScreen.storyboard;
				INFOPLIST_KEY_UIMainStoryboardFile = "";
				INFOPLIST_KEY_UISupportedInterfaceOrientations = UIInterfaceOrientationPortrait;
				INFOPLIST_KEY_UISupportedInterfaceOrientations_iPad = "UIInterfaceOrientationLandscapeLeft UIInterfaceOrientationLandscapeRight UIInterfaceOrientationPortrait UIInterfaceOrientationPortraitUpsideDown";
				IPHONEOS_DEPLOYMENT_TARGET = 12.0;
				LD_RUNPATH_SEARCH_PATHS = (
					"$(inherited)",
					"@executable_path/Frameworks",
				);
				MARKETING_VERSION = 1.0;
				PRODUCT_BUNDLE_IDENTIFIER = com.na.StatusBar;
				PRODUCT_NAME = "$(TARGET_NAME)";
				SUPPORTED_PLATFORMS = "iphoneos iphonesimulator";
				SUPPORTS_MACCATALYST = NO;
				SUPPORTS_MAC_DESIGNED_FOR_IPHONE_IPAD = NO;
				SWIFT_EMIT_LOC_STRINGS = YES;
				SWIFT_VERSION = 5.0;
				TARGETED_DEVICE_FAMILY = 1;
			};
			name = Debug;
		};
		E1B8F0C9290AC65A003DC1FC /* Release */ = {
			isa = XCBuildConfiguration;
			buildSettings = {
				ASSETCATALOG_COMPILER_APPICON_NAME = AppIcon;
				ASSETCATALOG_COMPILER_GLOBAL_ACCENT_COLOR_NAME = AccentColor;
				CODE_SIGN_STYLE = Automatic;
				CURRENT_PROJECT_VERSION = 1;
				DEVELOPMENT_TEAM = N55427589M;
				GENERATE_INFOPLIST_FILE = YES;
				INFOPLIST_FILE = StatusBar/Info.plist;
				INFOPLIST_KEY_LSApplicationCategoryType = "public.app-category.entertainment";
				INFOPLIST_KEY_UIApplicationSupportsIndirectInputEvents = YES;
				INFOPLIST_KEY_UILaunchStoryboardName = LaunchScreen.storyboard;
				INFOPLIST_KEY_UIMainStoryboardFile = "";
				INFOPLIST_KEY_UISupportedInterfaceOrientations = UIInterfaceOrientationPortrait;
				INFOPLIST_KEY_UISupportedInterfaceOrientations_iPad = "UIInterfaceOrientationLandscapeLeft UIInterfaceOrientationLandscapeRight UIInterfaceOrientationPortrait UIInterfaceOrientationPortraitUpsideDown";
				IPHONEOS_DEPLOYMENT_TARGET = 12.0;
				LD_RUNPATH_SEARCH_PATHS = (
					"$(inherited)",
					"@executable_path/Frameworks",
				);
				MARKETING_VERSION = 1.0;
				PRODUCT_BUNDLE_IDENTIFIER = com.na.StatusBar;
				PRODUCT_NAME = "$(TARGET_NAME)";
				SUPPORTED_PLATFORMS = "iphoneos iphonesimulator";
				SUPPORTS_MACCATALYST = NO;
				SUPPORTS_MAC_DESIGNED_FOR_IPHONE_IPAD = NO;
				SWIFT_EMIT_LOC_STRINGS = YES;
				SWIFT_VERSION = 5.0;
				TARGETED_DEVICE_FAMILY = 1;
			};
			name = Release;
		};
/* End XCBuildConfiguration section */

/* Begin XCConfigurationList section */
		E1B8F0AE290AC658003DC1FC /* Build configuration list for PBXProject "StatusBar" */ = {
			isa = XCConfigurationList;
			buildConfigurations = (
				E1B8F0C5290AC65A003DC1FC /* Debug */,
				E1B8F0C6290AC65A003DC1FC /* Release */,
			);
			defaultConfigurationIsVisible = 0;
			defaultConfigurationName = Release;
		};
		E1B8F0C7290AC65A003DC1FC /* Build configuration list for PBXNativeTarget "StatusBar" */ = {
			isa = XCConfigurationList;
			buildConfigurations = (
				E1B8F0C8290AC65A003DC1FC /* Debug */,
				E1B8F0C9290AC65A003DC1FC /* Release */,
			);
			defaultConfigurationIsVisible = 0;
			defaultConfigurationName = Release;
		};
/* End XCConfigurationList section */
	};
	rootObject = E1B8F0AB290AC658003DC1FC /* Project object */;
}
